// !$*UTF8*$!
{
	archiveVersion = 1;
	classes = {
	};
	objectVersion = 46;
	objects = {

/* Begin PBXBuildFile section */
		5910F9571BBD0F96001317B6 /* AppDelegate.swift in Sources */ = {isa = PBXBuildFile; fileRef = 5910F9561BBD0F96001317B6 /* AppDelegate.swift */; };
		5910F95E1BBD0F96001317B6 /* Assets.xcassets in Resources */ = {isa = PBXBuildFile; fileRef = 5910F95D1BBD0F96001317B6 /* Assets.xcassets */; };
		5910F9611BBD0F96001317B6 /* LaunchScreen.storyboard in Resources */ = {isa = PBXBuildFile; fileRef = 5910F95F1BBD0F96001317B6 /* LaunchScreen.storyboard */; };
		594482141BBD11D200800BFC /* LoginViewController.swift in Sources */ = {isa = PBXBuildFile; fileRef = 594482121BBD11D200800BFC /* LoginViewController.swift */; settings = {ASSET_TAGS = (); }; };
		594482151BBD11D200800BFC /* LoginViewController.xib in Resources */ = {isa = PBXBuildFile; fileRef = 594482131BBD11D200800BFC /* LoginViewController.xib */; settings = {ASSET_TAGS = (); }; };
		594482171BBD158500800BFC /* TwitterClient.swift in Sources */ = {isa = PBXBuildFile; fileRef = 594482161BBD158500800BFC /* TwitterClient.swift */; settings = {ASSET_TAGS = (); }; };
		59EC68461BC06190000A1F5A /* Tweet.swift in Sources */ = {isa = PBXBuildFile; fileRef = 59EC68451BC06190000A1F5A /* Tweet.swift */; settings = {ASSET_TAGS = (); }; };
		59EC68481BC0619E000A1F5A /* User.swift in Sources */ = {isa = PBXBuildFile; fileRef = 59EC68471BC0619E000A1F5A /* User.swift */; settings = {ASSET_TAGS = (); }; };
		59EC684C1BC08575000A1F5A /* HomeViewController.swift in Sources */ = {isa = PBXBuildFile; fileRef = 59EC684A1BC08575000A1F5A /* HomeViewController.swift */; settings = {ASSET_TAGS = (); }; };
		59EC684D1BC08575000A1F5A /* HomeViewController.xib in Resources */ = {isa = PBXBuildFile; fileRef = 59EC684B1BC08575000A1F5A /* HomeViewController.xib */; settings = {ASSET_TAGS = (); }; };
		59EC68501BC1C3CB000A1F5A /* TweetTableViewCell.swift in Sources */ = {isa = PBXBuildFile; fileRef = 59EC684E1BC1C3CB000A1F5A /* TweetTableViewCell.swift */; settings = {ASSET_TAGS = (); }; };
		59EC68511BC1C3CB000A1F5A /* TweetTableViewCell.xib in Resources */ = {isa = PBXBuildFile; fileRef = 59EC684F1BC1C3CB000A1F5A /* TweetTableViewCell.xib */; settings = {ASSET_TAGS = (); }; };
		59EC68571BC1FE13000A1F5A /* favorite_on.png in Resources */ = {isa = PBXBuildFile; fileRef = 59EC68541BC1FE13000A1F5A /* favorite_on.png */; settings = {ASSET_TAGS = (); }; };
		59EC68581BC1FE13000A1F5A /* favorite.png in Resources */ = {isa = PBXBuildFile; fileRef = 59EC68551BC1FE13000A1F5A /* favorite.png */; settings = {ASSET_TAGS = (); }; };
		59EC685B1BC21D6C000A1F5A /* ComposeViewController.swift in Sources */ = {isa = PBXBuildFile; fileRef = 59EC68591BC21D6C000A1F5A /* ComposeViewController.swift */; settings = {ASSET_TAGS = (); }; };
		59EC685C1BC21D6C000A1F5A /* ComposeViewController.xib in Resources */ = {isa = PBXBuildFile; fileRef = 59EC685A1BC21D6C000A1F5A /* ComposeViewController.xib */; settings = {ASSET_TAGS = (); }; };
		59EC685E1BC234B2000A1F5A /* reply.png in Resources */ = {isa = PBXBuildFile; fileRef = 59EC685D1BC234B2000A1F5A /* reply.png */; settings = {ASSET_TAGS = (); }; };
		59EC68601BC23628000A1F5A /* retweet.png in Resources */ = {isa = PBXBuildFile; fileRef = 59EC685F1BC23628000A1F5A /* retweet.png */; settings = {ASSET_TAGS = (); }; };
		59EC68621BC23B22000A1F5A /* retweet_on.png in Resources */ = {isa = PBXBuildFile; fileRef = 59EC68611BC23B22000A1F5A /* retweet_on.png */; settings = {ASSET_TAGS = (); }; };
		59EC68641BC23B28000A1F5A /* retweet_hover.png in Resources */ = {isa = PBXBuildFile; fileRef = 59EC68631BC23B28000A1F5A /* retweet_hover.png */; settings = {ASSET_TAGS = (); }; };
		59EC68661BC23E52000A1F5A /* reply_hover.png in Resources */ = {isa = PBXBuildFile; fileRef = 59EC68651BC23E52000A1F5A /* reply_hover.png */; settings = {ASSET_TAGS = (); }; };
		59EC68681BC23E59000A1F5A /* favorite_hover.png in Resources */ = {isa = PBXBuildFile; fileRef = 59EC68671BC23E59000A1F5A /* favorite_hover.png */; settings = {ASSET_TAGS = (); }; };
		59EC686A1BC24197000A1F5A /* TweetTapGestureRecognizer.swift in Sources */ = {isa = PBXBuildFile; fileRef = 59EC68691BC24197000A1F5A /* TweetTapGestureRecognizer.swift */; settings = {ASSET_TAGS = (); }; };
		6F7FD9DEAB41B24A472E9F2E /* Pods_Twitter.framework in Frameworks */ = {isa = PBXBuildFile; fileRef = DB23201D2700574C1BCE0F98 /* Pods_Twitter.framework */; settings = {ATTRIBUTES = (Weak, ); }; };
/* End PBXBuildFile section */

/* Begin PBXFileReference section */
		4B6E676CA9829D7E75A56A39 /* Pods-Twitter.release.xcconfig */ = {isa = PBXFileReference; includeInIndex = 1; lastKnownFileType = text.xcconfig; name = "Pods-Twitter.release.xcconfig"; path = "Pods/Target Support Files/Pods-Twitter/Pods-Twitter.release.xcconfig"; sourceTree = "<group>"; };
		5910F9531BBD0F96001317B6 /* Twitter.app */ = {isa = PBXFileReference; explicitFileType = wrapper.application; includeInIndex = 0; path = Twitter.app; sourceTree = BUILT_PRODUCTS_DIR; };
		5910F9561BBD0F96001317B6 /* AppDelegate.swift */ = {isa = PBXFileReference; lastKnownFileType = sourcecode.swift; path = AppDelegate.swift; sourceTree = "<group>"; };
		5910F95D1BBD0F96001317B6 /* Assets.xcassets */ = {isa = PBXFileReference; lastKnownFileType = folder.assetcatalog; path = Assets.xcassets; sourceTree = "<group>"; };
		5910F9601BBD0F96001317B6 /* Base */ = {isa = PBXFileReference; lastKnownFileType = file.storyboard; name = Base; path = Base.lproj/LaunchScreen.storyboard; sourceTree = "<group>"; };
		5910F9621BBD0F96001317B6 /* Info.plist */ = {isa = PBXFileReference; lastKnownFileType = text.plist.xml; path = Info.plist; sourceTree = "<group>"; };
		594482121BBD11D200800BFC /* LoginViewController.swift */ = {isa = PBXFileReference; fileEncoding = 4; lastKnownFileType = sourcecode.swift; path = LoginViewController.swift; sourceTree = "<group>"; };
		594482131BBD11D200800BFC /* LoginViewController.xib */ = {isa = PBXFileReference; fileEncoding = 4; lastKnownFileType = file.xib; path = LoginViewController.xib; sourceTree = "<group>"; };
		594482161BBD158500800BFC /* TwitterClient.swift */ = {isa = PBXFileReference; fileEncoding = 4; lastKnownFileType = sourcecode.swift; path = TwitterClient.swift; sourceTree = "<group>"; };
		594482181BBD164900800BFC /* Twitter-Bridging-Header.h */ = {isa = PBXFileReference; lastKnownFileType = sourcecode.c.h; path = "Twitter-Bridging-Header.h"; sourceTree = "<group>"; };
		59EC68451BC06190000A1F5A /* Tweet.swift */ = {isa = PBXFileReference; fileEncoding = 4; lastKnownFileType = sourcecode.swift; path = Tweet.swift; sourceTree = "<group>"; };
		59EC68471BC0619E000A1F5A /* User.swift */ = {isa = PBXFileReference; fileEncoding = 4; lastKnownFileType = sourcecode.swift; path = User.swift; sourceTree = "<group>"; };
		59EC684A1BC08575000A1F5A /* HomeViewController.swift */ = {isa = PBXFileReference; fileEncoding = 4; lastKnownFileType = sourcecode.swift; path = HomeViewController.swift; sourceTree = "<group>"; };
		59EC684B1BC08575000A1F5A /* HomeViewController.xib */ = {isa = PBXFileReference; fileEncoding = 4; lastKnownFileType = file.xib; path = HomeViewController.xib; sourceTree = "<group>"; };
		59EC684E1BC1C3CB000A1F5A /* TweetTableViewCell.swift */ = {isa = PBXFileReference; fileEncoding = 4; lastKnownFileType = sourcecode.swift; path = TweetTableViewCell.swift; sourceTree = "<group>"; };
		59EC684F1BC1C3CB000A1F5A /* TweetTableViewCell.xib */ = {isa = PBXFileReference; fileEncoding = 4; lastKnownFileType = file.xib; path = TweetTableViewCell.xib; sourceTree = "<group>"; };
		59EC68541BC1FE13000A1F5A /* favorite_on.png */ = {isa = PBXFileReference; lastKnownFileType = image.png; name = favorite_on.png; path = Images/favorite_on.png; sourceTree = "<group>"; };
		59EC68551BC1FE13000A1F5A /* favorite.png */ = {isa = PBXFileReference; lastKnownFileType = image.png; name = favorite.png; path = Images/favorite.png; sourceTree = "<group>"; };
		59EC68591BC21D6C000A1F5A /* ComposeViewController.swift */ = {isa = PBXFileReference; fileEncoding = 4; lastKnownFileType = sourcecode.swift; path = ComposeViewController.swift; sourceTree = "<group>"; };
		59EC685A1BC21D6C000A1F5A /* ComposeViewController.xib */ = {isa = PBXFileReference; fileEncoding = 4; lastKnownFileType = file.xib; path = ComposeViewController.xib; sourceTree = "<group>"; };
		59EC685D1BC234B2000A1F5A /* reply.png */ = {isa = PBXFileReference; lastKnownFileType = image.png; name = reply.png; path = Images/reply.png; sourceTree = "<group>"; };
		59EC685F1BC23628000A1F5A /* retweet.png */ = {isa = PBXFileReference; lastKnownFileType = image.png; name = retweet.png; path = Images/retweet.png; sourceTree = "<group>"; };
		59EC68611BC23B22000A1F5A /* retweet_on.png */ = {isa = PBXFileReference; lastKnownFileType = image.png; name = retweet_on.png; path = Images/retweet_on.png; sourceTree = "<group>"; };
		59EC68631BC23B28000A1F5A /* retweet_hover.png */ = {isa = PBXFileReference; lastKnownFileType = image.png; name = retweet_hover.png; path = Images/retweet_hover.png; sourceTree = "<group>"; };
		59EC68651BC23E52000A1F5A /* reply_hover.png */ = {isa = PBXFileReference; lastKnownFileType = image.png; name = reply_hover.png; path = Images/reply_hover.png; sourceTree = "<group>"; };
		59EC68671BC23E59000A1F5A /* favorite_hover.png */ = {isa = PBXFileReference; lastKnownFileType = image.png; name = favorite_hover.png; path = Images/favorite_hover.png; sourceTree = "<group>"; };
		59EC68691BC24197000A1F5A /* TweetTapGestureRecognizer.swift */ = {isa = PBXFileReference; fileEncoding = 4; lastKnownFileType = sourcecode.swift; path = TweetTapGestureRecognizer.swift; sourceTree = "<group>"; };
		D2DB29E3EF2981E13688CC41 /* Pods-Twitter.debug.xcconfig */ = {isa = PBXFileReference; includeInIndex = 1; lastKnownFileType = text.xcconfig; name = "Pods-Twitter.debug.xcconfig"; path = "Pods/Target Support Files/Pods-Twitter/Pods-Twitter.debug.xcconfig"; sourceTree = "<group>"; };
		DB23201D2700574C1BCE0F98 /* Pods_Twitter.framework */ = {isa = PBXFileReference; explicitFileType = wrapper.framework; includeInIndex = 0; path = Pods_Twitter.framework; sourceTree = BUILT_PRODUCTS_DIR; };
/* End PBXFileReference section */

/* Begin PBXFrameworksBuildPhase section */
		5910F9501BBD0F96001317B6 /* Frameworks */ = {
			isa = PBXFrameworksBuildPhase;
			buildActionMask = 2147483647;
			files = (
				6F7FD9DEAB41B24A472E9F2E /* Pods_Twitter.framework in Frameworks */,
			);
			runOnlyForDeploymentPostprocessing = 0;
		};
/* End PBXFrameworksBuildPhase section */

/* Begin PBXGroup section */
		3321D8F20271BB0FB773D53B /* Frameworks */ = {
			isa = PBXGroup;
			children = (
				DB23201D2700574C1BCE0F98 /* Pods_Twitter.framework */,
			);
			name = Frameworks;
			sourceTree = "<group>";
		};
		380A1097EA16D34BE4DC9D3A /* Pods */ = {
			isa = PBXGroup;
			children = (
				D2DB29E3EF2981E13688CC41 /* Pods-Twitter.debug.xcconfig */,
				4B6E676CA9829D7E75A56A39 /* Pods-Twitter.release.xcconfig */,
			);
			name = Pods;
			sourceTree = "<group>";
		};
		5910F94A1BBD0F96001317B6 = {
			isa = PBXGroup;
			children = (
				5910F9551BBD0F96001317B6 /* Twitter */,
				5910F9541BBD0F96001317B6 /* Products */,
				380A1097EA16D34BE4DC9D3A /* Pods */,
				3321D8F20271BB0FB773D53B /* Frameworks */,
			);
			sourceTree = "<group>";
		};
		5910F9541BBD0F96001317B6 /* Products */ = {
			isa = PBXGroup;
			children = (
				5910F9531BBD0F96001317B6 /* Twitter.app */,
			);
			name = Products;
			sourceTree = "<group>";
		};
		5910F9551BBD0F96001317B6 /* Twitter */ = {
			isa = PBXGroup;
			children = (
				59EC68521BC1FE0B000A1F5A /* Images */,
				59EC68491BC084F8000A1F5A /* API */,
				59EC68441BC06177000A1F5A /* Models */,
				5910F9561BBD0F96001317B6 /* AppDelegate.swift */,
				5910F95D1BBD0F96001317B6 /* Assets.xcassets */,
				5910F95F1BBD0F96001317B6 /* LaunchScreen.storyboard */,
				5910F9621BBD0F96001317B6 /* Info.plist */,
				594482121BBD11D200800BFC /* LoginViewController.swift */,
				594482131BBD11D200800BFC /* LoginViewController.xib */,
				594482181BBD164900800BFC /* Twitter-Bridging-Header.h */,
				59EC684A1BC08575000A1F5A /* HomeViewController.swift */,
				59EC684B1BC08575000A1F5A /* HomeViewController.xib */,
				59EC684E1BC1C3CB000A1F5A /* TweetTableViewCell.swift */,
				59EC684F1BC1C3CB000A1F5A /* TweetTableViewCell.xib */,
				59EC68591BC21D6C000A1F5A /* ComposeViewController.swift */,
				59EC685A1BC21D6C000A1F5A /* ComposeViewController.xib */,
				59EC68691BC24197000A1F5A /* TweetTapGestureRecognizer.swift */,
			);
			path = Twitter;
			sourceTree = "<group>";
		};
		59EC68441BC06177000A1F5A /* Models */ = {
			isa = PBXGroup;
			children = (
				59EC68451BC06190000A1F5A /* Tweet.swift */,
				59EC68471BC0619E000A1F5A /* User.swift */,
			);
			name = Models;
			sourceTree = "<group>";
		};
		59EC68491BC084F8000A1F5A /* API */ = {
			isa = PBXGroup;
			children = (
				594482161BBD158500800BFC /* TwitterClient.swift */,
			);
			name = API;
			sourceTree = "<group>";
		};
		59EC68521BC1FE0B000A1F5A /* Images */ = {
			isa = PBXGroup;
			children = (
				59EC68551BC1FE13000A1F5A /* favorite.png */,
				59EC68671BC23E59000A1F5A /* favorite_hover.png */,
				59EC68541BC1FE13000A1F5A /* favorite_on.png */,
				59EC685D1BC234B2000A1F5A /* reply.png */,
				59EC68651BC23E52000A1F5A /* reply_hover.png */,
				59EC685F1BC23628000A1F5A /* retweet.png */,
				59EC68631BC23B28000A1F5A /* retweet_hover.png */,
				59EC68611BC23B22000A1F5A /* retweet_on.png */,
			);
			name = Images;
			sourceTree = "<group>";
		};
/* End PBXGroup section */

/* Begin PBXNativeTarget section */
		5910F9521BBD0F96001317B6 /* Twitter */ = {
			isa = PBXNativeTarget;
			buildConfigurationList = 5910F9651BBD0F96001317B6 /* Build configuration list for PBXNativeTarget "Twitter" */;
			buildPhases = (
				2E7E627778D6DC32E1343BC4 /* Check Pods Manifest.lock */,
				5910F94F1BBD0F96001317B6 /* Sources */,
				5910F9501BBD0F96001317B6 /* Frameworks */,
				5910F9511BBD0F96001317B6 /* Resources */,
				DFEA7721496564EC0CD124CF /* Embed Pods Frameworks */,
				264F3B3CE48871BC85021CC4 /* Copy Pods Resources */,
			);
			buildRules = (
			);
			dependencies = (
			);
			name = Twitter;
			productName = Twitter;
			productReference = 5910F9531BBD0F96001317B6 /* Twitter.app */;
			productType = "com.apple.product-type.application";
		};
/* End PBXNativeTarget section */

/* Begin PBXProject section */
		5910F94B1BBD0F96001317B6 /* Project object */ = {
			isa = PBXProject;
			attributes = {
				LastUpgradeCheck = 0700;
				ORGANIZATIONNAME = "Yuichi Kuroda";
				TargetAttributes = {
					5910F9521BBD0F96001317B6 = {
						CreatedOnToolsVersion = 7.0;
					};
				};
			};
			buildConfigurationList = 5910F94E1BBD0F96001317B6 /* Build configuration list for PBXProject "Twitter" */;
			compatibilityVersion = "Xcode 3.2";
			developmentRegion = English;
			hasScannedForEncodings = 0;
			knownRegions = (
				en,
				Base,
			);
			mainGroup = 5910F94A1BBD0F96001317B6;
			productRefGroup = 5910F9541BBD0F96001317B6 /* Products */;
			projectDirPath = "";
			projectRoot = "";
			targets = (
				5910F9521BBD0F96001317B6 /* Twitter */,
			);
		};
/* End PBXProject section */

/* Begin PBXResourcesBuildPhase section */
		5910F9511BBD0F96001317B6 /* Resources */ = {
			isa = PBXResourcesBuildPhase;
			buildActionMask = 2147483647;
			files = (
				59EC68571BC1FE13000A1F5A /* favorite_on.png in Resources */,
				59EC685E1BC234B2000A1F5A /* reply.png in Resources */,
				59EC68621BC23B22000A1F5A /* retweet_on.png in Resources */,
				59EC68511BC1C3CB000A1F5A /* TweetTableViewCell.xib in Resources */,
				5910F9611BBD0F96001317B6 /* LaunchScreen.storyboard in Resources */,
				5910F95E1BBD0F96001317B6 /* Assets.xcassets in Resources */,
				594482151BBD11D200800BFC /* LoginViewController.xib in Resources */,
				59EC68641BC23B28000A1F5A /* retweet_hover.png in Resources */,
				59EC68601BC23628000A1F5A /* retweet.png in Resources */,
				59EC68661BC23E52000A1F5A /* reply_hover.png in Resources */,
				59EC684D1BC08575000A1F5A /* HomeViewController.xib in Resources */,
				59EC68581BC1FE13000A1F5A /* favorite.png in Resources */,
				59EC68681BC23E59000A1F5A /* favorite_hover.png in Resources */,
				59EC685C1BC21D6C000A1F5A /* ComposeViewController.xib in Resources */,
			);
			runOnlyForDeploymentPostprocessing = 0;
		};
/* End PBXResourcesBuildPhase section */

/* Begin PBXShellScriptBuildPhase section */
		264F3B3CE48871BC85021CC4 /* Copy Pods Resources */ = {
			isa = PBXShellScriptBuildPhase;
			buildActionMask = 2147483647;
			files = (
			);
			inputPaths = (
			);
			name = "Copy Pods Resources";
			outputPaths = (
			);
			runOnlyForDeploymentPostprocessing = 0;
			shellPath = /bin/sh;
			shellScript = "\"${SRCROOT}/Pods/Target Support Files/Pods-Twitter/Pods-Twitter-resources.sh\"\n";
			showEnvVarsInLog = 0;
		};
		2E7E627778D6DC32E1343BC4 /* Check Pods Manifest.lock */ = {
			isa = PBXShellScriptBuildPhase;
			buildActionMask = 2147483647;
			files = (
			);
			inputPaths = (
			);
			name = "Check Pods Manifest.lock";
			outputPaths = (
			);
			runOnlyForDeploymentPostprocessing = 0;
			shellPath = /bin/sh;
			shellScript = "diff \"${PODS_ROOT}/../Podfile.lock\" \"${PODS_ROOT}/Manifest.lock\" > /dev/null\nif [[ $? != 0 ]] ; then\n    cat << EOM\nerror: The sandbox is not in sync with the Podfile.lock. Run 'pod install' or update your CocoaPods installation.\nEOM\n    exit 1\nfi\n";
			showEnvVarsInLog = 0;
		};
		DFEA7721496564EC0CD124CF /* Embed Pods Frameworks */ = {
			isa = PBXShellScriptBuildPhase;
			buildActionMask = 2147483647;
			files = (
			);
			inputPaths = (
			);
			name = "Embed Pods Frameworks";
			outputPaths = (
			);
			runOnlyForDeploymentPostprocessing = 0;
			shellPath = /bin/sh;
			shellScript = "\"${SRCROOT}/Pods/Target Support Files/Pods-Twitter/Pods-Twitter-frameworks.sh\"\n";
			showEnvVarsInLog = 0;
		};
/* End PBXShellScriptBuildPhase section */

/* Begin PBXSourcesBuildPhase section */
		5910F94F1BBD0F96001317B6 /* Sources */ = {
			isa = PBXSourcesBuildPhase;
			buildActionMask = 2147483647;
			files = (
				594482141BBD11D200800BFC /* LoginViewController.swift in Sources */,
				594482171BBD158500800BFC /* TwitterClient.swift in Sources */,
				5910F9571BBD0F96001317B6 /* AppDelegate.swift in Sources */,
				59EC685B1BC21D6C000A1F5A /* ComposeViewController.swift in Sources */,
				59EC68481BC0619E000A1F5A /* User.swift in Sources */,
				59EC68461BC06190000A1F5A /* Tweet.swift in Sources */,
				59EC686A1BC24197000A1F5A /* TweetTapGestureRecognizer.swift in Sources */,
				59EC684C1BC08575000A1F5A /* HomeViewController.swift in Sources */,
				59EC68501BC1C3CB000A1F5A /* TweetTableViewCell.swift in Sources */,
			);
			runOnlyForDeploymentPostprocessing = 0;
		};
/* End PBXSourcesBuildPhase section */

/* Begin PBXVariantGroup section */
		5910F95F1BBD0F96001317B6 /* LaunchScreen.storyboard */ = {
			isa = PBXVariantGroup;
			children = (
				5910F9601BBD0F96001317B6 /* Base */,
			);
			name = LaunchScreen.storyboard;
			sourceTree = "<group>";
		};
/* End PBXVariantGroup section */

/* Begin XCBuildConfiguration section */
		5910F9631BBD0F96001317B6 /* Debug */ = {
			isa = XCBuildConfiguration;
			buildSettings = {
				ALWAYS_SEARCH_USER_PATHS = NO;
				CLANG_CXX_LANGUAGE_STANDARD = "gnu++0x";
				CLANG_CXX_LIBRARY = "libc++";
				CLANG_ENABLE_MODULES = YES;
				CLANG_ENABLE_OBJC_ARC = YES;
				CLANG_WARN_BOOL_CONVERSION = YES;
				CLANG_WARN_CONSTANT_CONVERSION = YES;
				CLANG_WARN_DIRECT_OBJC_ISA_USAGE = YES_ERROR;
				CLANG_WARN_EMPTY_BODY = YES;
				CLANG_WARN_ENUM_CONVERSION = YES;
				CLANG_WARN_INT_CONVERSION = YES;
				CLANG_WARN_OBJC_ROOT_CLASS = YES_ERROR;
				CLANG_WARN_UNREACHABLE_CODE = YES;
				CLANG_WARN__DUPLICATE_METHOD_MATCH = YES;
				"CODE_SIGN_IDENTITY[sdk=iphoneos*]" = "iPhone Developer";
				COPY_PHASE_STRIP = NO;
				DEBUG_INFORMATION_FORMAT = dwarf;
				ENABLE_STRICT_OBJC_MSGSEND = YES;
				ENABLE_TESTABILITY = YES;
				GCC_C_LANGUAGE_STANDARD = gnu99;
				GCC_DYNAMIC_NO_PIC = NO;
				GCC_NO_COMMON_BLOCKS = YES;
				GCC_OPTIMIZATION_LEVEL = 0;
				GCC_PREPROCESSOR_DEFINITIONS = (
					"DEBUG=1",
					"$(inherited)",
				);
				GCC_WARN_64_TO_32_BIT_CONVERSION = YES;
				GCC_WARN_ABOUT_RETURN_TYPE = YES_ERROR;
				GCC_WARN_UNDECLARED_SELECTOR = YES;
				GCC_WARN_UNINITIALIZED_AUTOS = YES_AGGRESSIVE;
				GCC_WARN_UNUSED_FUNCTION = YES;
				GCC_WARN_UNUSED_VARIABLE = YES;
				IPHONEOS_DEPLOYMENT_TARGET = 9.0;
				MTL_ENABLE_DEBUG_INFO = YES;
				ONLY_ACTIVE_ARCH = YES;
				SDKROOT = iphoneos;
				SWIFT_OPTIMIZATION_LEVEL = "-Onone";
			};
			name = Debug;
		};
		5910F9641BBD0F96001317B6 /* Release */ = {
			isa = XCBuildConfiguration;
			buildSettings = {
				ALWAYS_SEARCH_USER_PATHS = NO;
				CLANG_CXX_LANGUAGE_STANDARD = "gnu++0x";
				CLANG_CXX_LIBRARY = "libc++";
				CLANG_ENABLE_MODULES = YES;
				CLANG_ENABLE_OBJC_ARC = YES;
				CLANG_WARN_BOOL_CONVERSION = YES;
				CLANG_WARN_CONSTANT_CONVERSION = YES;
				CLANG_WARN_DIRECT_OBJC_ISA_USAGE = YES_ERROR;
				CLANG_WARN_EMPTY_BODY = YES;
				CLANG_WARN_ENUM_CONVERSION = YES;
				CLANG_WARN_INT_CONVERSION = YES;
				CLANG_WARN_OBJC_ROOT_CLASS = YES_ERROR;
				CLANG_WARN_UNREACHABLE_CODE = YES;
				CLANG_WARN__DUPLICATE_METHOD_MATCH = YES;
				"CODE_SIGN_IDENTITY[sdk=iphoneos*]" = "iPhone Developer";
				COPY_PHASE_STRIP = NO;
				DEBUG_INFORMATION_FORMAT = "dwarf-with-dsym";
				ENABLE_NS_ASSERTIONS = NO;
				ENABLE_STRICT_OBJC_MSGSEND = YES;
				GCC_C_LANGUAGE_STANDARD = gnu99;
				GCC_NO_COMMON_BLOCKS = YES;
				GCC_WARN_64_TO_32_BIT_CONVERSION = YES;
				GCC_WARN_ABOUT_RETURN_TYPE = YES_ERROR;
				GCC_WARN_UNDECLARED_SELECTOR = YES;
				GCC_WARN_UNINITIALIZED_AUTOS = YES_AGGRESSIVE;
				GCC_WARN_UNUSED_FUNCTION = YES;
				GCC_WARN_UNUSED_VARIABLE = YES;
				IPHONEOS_DEPLOYMENT_TARGET = 9.0;
				MTL_ENABLE_DEBUG_INFO = NO;
				SDKROOT = iphoneos;
				VALIDATE_PRODUCT = YES;
			};
			name = Release;
		};
		5910F9661BBD0F96001317B6 /* Debug */ = {
			isa = XCBuildConfiguration;
			baseConfigurationReference = D2DB29E3EF2981E13688CC41 /* Pods-Twitter.debug.xcconfig */;
			buildSettings = {
				ASSETCATALOG_COMPILER_APPICON_NAME = AppIcon;
				INFOPLIST_FILE = Twitter/Info.plist;
				LD_RUNPATH_SEARCH_PATHS = "$(inherited) @executable_path/Frameworks";
				PRODUCT_BUNDLE_IDENTIFIER = com.yk.codepath.Twitter;
				PRODUCT_NAME = "$(TARGET_NAME)";
				SWIFT_OBJC_BRIDGING_HEADER = "Twitter/Twitter-Bridging-Header.h";
			};
			name = Debug;
		};
		5910F9671BBD0F96001317B6 /* Release */ = {
			isa = XCBuildConfiguration;
			baseConfigurationReference = 4B6E676CA9829D7E75A56A39 /* Pods-Twitter.release.xcconfig */;
			buildSettings = {
				ASSETCATALOG_COMPILER_APPICON_NAME = AppIcon;
				INFOPLIST_FILE = Twitter/Info.plist;
				LD_RUNPATH_SEARCH_PATHS = "$(inherited) @executable_path/Frameworks";
				PRODUCT_BUNDLE_IDENTIFIER = com.yk.codepath.Twitter;
				PRODUCT_NAME = "$(TARGET_NAME)";
				SWIFT_OBJC_BRIDGING_HEADER = "Twitter/Twitter-Bridging-Header.h";
			};
			name = Release;
		};
/* End XCBuildConfiguration section */

/* Begin XCConfigurationList section */
		5910F94E1BBD0F96001317B6 /* Build configuration list for PBXProject "Twitter" */ = {
			isa = XCConfigurationList;
			buildConfigurations = (
				5910F9631BBD0F96001317B6 /* Debug */,
				5910F9641BBD0F96001317B6 /* Release */,
			);
			defaultConfigurationIsVisible = 0;
			defaultConfigurationName = Release;
		};
		5910F9651BBD0F96001317B6 /* Build configuration list for PBXNativeTarget "Twitter" */ = {
			isa = XCConfigurationList;
			buildConfigurations = (
				5910F9661BBD0F96001317B6 /* Debug */,
				5910F9671BBD0F96001317B6 /* Release */,
			);
			defaultConfigurationIsVisible = 0;
			defaultConfigurationName = Release;
		};
/* End XCConfigurationList section */
	};
	rootObject = 5910F94B1BBD0F96001317B6 /* Project object */;
}
